// !$*UTF8*$!
{
	archiveVersion = 1;
	classes = {
	};
	objectVersion = 51;
	objects = {

/* Begin PBXBuildFile section */
		0A864FF656992546AD7C544F /* Pods_LeagueMobileChallengeTests.framework in Frameworks */ = {isa = PBXBuildFile; fileRef = 9E973EA07DC680BB29B1002A /* Pods_LeagueMobileChallengeTests.framework */; };
		7374E94428A82C8900B367FB /* HomeViewController.swift in Sources */ = {isa = PBXBuildFile; fileRef = 7374E94328A82C8900B367FB /* HomeViewController.swift */; };
		7374E94628A82CC200B367FB /* HomeViewModel.swift in Sources */ = {isa = PBXBuildFile; fileRef = 7374E94528A82CC200B367FB /* HomeViewModel.swift */; };
		7374E94828A82D0400B367FB /* HomeViewModelInterfaces.swift in Sources */ = {isa = PBXBuildFile; fileRef = 7374E94728A82D0400B367FB /* HomeViewModelInterfaces.swift */; };
		7374E94A28A82ED100B367FB /* HomeModel.swift in Sources */ = {isa = PBXBuildFile; fileRef = 7374E94928A82ED100B367FB /* HomeModel.swift */; };
		7374E94C28A8307400B367FB /* Constants.swift in Sources */ = {isa = PBXBuildFile; fileRef = 7374E94B28A8307400B367FB /* Constants.swift */; };
		7374E94E28A832A800B367FB /* APIServiceUtils.swift in Sources */ = {isa = PBXBuildFile; fileRef = 7374E94D28A832A800B367FB /* APIServiceUtils.swift */; };
		7374E95028A8366B00B367FB /* ServiceModel.swift in Sources */ = {isa = PBXBuildFile; fileRef = 7374E94F28A8366B00B367FB /* ServiceModel.swift */; };
		7374E95728A99F9D00B367FB /* ContentCellSwiftUI.swift in Sources */ = {isa = PBXBuildFile; fileRef = 7374E95528A99F9D00B367FB /* ContentCellSwiftUI.swift */; };
		7374E95828A99F9D00B367FB /* CustomViewCell.swift in Sources */ = {isa = PBXBuildFile; fileRef = 7374E95628A99F9D00B367FB /* CustomViewCell.swift */; };
		7374E95A28A9BFF500B367FB /* ErrorViewSwiftUI.swift in Sources */ = {isa = PBXBuildFile; fileRef = 7374E95928A9BFF500B367FB /* ErrorViewSwiftUI.swift */; };
		7374E95C28AB210F00B367FB /* HomeViewModelSpec.swift in Sources */ = {isa = PBXBuildFile; fileRef = 7374E95B28AB210F00B367FB /* HomeViewModelSpec.swift */; };
		7374E95E28AB24D800B367FB /* MockAPIService.swift in Sources */ = {isa = PBXBuildFile; fileRef = 7374E95D28AB24D800B367FB /* MockAPIService.swift */; };
		7374E96028AB46E300B367FB /* HomeViewControllerTests.swift in Sources */ = {isa = PBXBuildFile; fileRef = 7374E95F28AB46E300B367FB /* HomeViewControllerTests.swift */; };
		B6AC694F21E6578D0094A9B1 /* AppDelegate.swift in Sources */ = {isa = PBXBuildFile; fileRef = B6AC694E21E6578D0094A9B1 /* AppDelegate.swift */; };
		B6AC695921E6578F0094A9B1 /* Assets.xcassets in Resources */ = {isa = PBXBuildFile; fileRef = B6AC695821E6578F0094A9B1 /* Assets.xcassets */; };
		B6AC695C21E6578F0094A9B1 /* LaunchScreen.storyboard in Resources */ = {isa = PBXBuildFile; fileRef = B6AC695A21E6578F0094A9B1 /* LaunchScreen.storyboard */; };
		B6AC69A221ECEC740094A9B1 /* APIController.swift in Sources */ = {isa = PBXBuildFile; fileRef = B6AC69A121ECEC740094A9B1 /* APIController.swift */; };
		C711E601661AAB36D173F831 /* Pods_LeagueMobileChallenge.framework in Frameworks */ = {isa = PBXBuildFile; fileRef = B5EC5EC130097654F1E0F3C6 /* Pods_LeagueMobileChallenge.framework */; };
/* End PBXBuildFile section */

/* Begin PBXContainerItemProxy section */
		B6AC696321E6578F0094A9B1 /* PBXContainerItemProxy */ = {
			isa = PBXContainerItemProxy;
			containerPortal = B6AC694321E6578D0094A9B1 /* Project object */;
			proxyType = 1;
			remoteGlobalIDString = B6AC694A21E6578D0094A9B1;
			remoteInfo = LeagueMobileChallenge;
		};
/* End PBXContainerItemProxy section */

/* Begin PBXFileReference section */
		02F12A77B173DEFEAE495835 /* Pods-LeagueMobileChallengeUITests.debug.xcconfig */ = {isa = PBXFileReference; includeInIndex = 1; lastKnownFileType = text.xcconfig; name = "Pods-LeagueMobileChallengeUITests.debug.xcconfig"; path = "Pods/Target Support Files/Pods-LeagueMobileChallengeUITests/Pods-LeagueMobileChallengeUITests.debug.xcconfig"; sourceTree = "<group>"; };
		07D03E3F1912927AD466BF81 /* Pods-LeagueMobileChallengeTests.release.xcconfig */ = {isa = PBXFileReference; includeInIndex = 1; lastKnownFileType = text.xcconfig; name = "Pods-LeagueMobileChallengeTests.release.xcconfig"; path = "Pods/Target Support Files/Pods-LeagueMobileChallengeTests/Pods-LeagueMobileChallengeTests.release.xcconfig"; sourceTree = "<group>"; };
		09417A2435F74B6BBD872D0B /* Pods_LeagueMobileChallengeUITests.framework */ = {isa = PBXFileReference; explicitFileType = wrapper.framework; includeInIndex = 0; path = Pods_LeagueMobileChallengeUITests.framework; sourceTree = BUILT_PRODUCTS_DIR; };
		11B8BED4C0B2E47F947C8F53 /* Pods-LeagueMobileChallengeTests.debug.xcconfig */ = {isa = PBXFileReference; includeInIndex = 1; lastKnownFileType = text.xcconfig; name = "Pods-LeagueMobileChallengeTests.debug.xcconfig"; path = "Pods/Target Support Files/Pods-LeagueMobileChallengeTests/Pods-LeagueMobileChallengeTests.debug.xcconfig"; sourceTree = "<group>"; };
		71E420C2560A70D44F192FFD /* Pods-LeagueMobileChallenge.debug.xcconfig */ = {isa = PBXFileReference; includeInIndex = 1; lastKnownFileType = text.xcconfig; name = "Pods-LeagueMobileChallenge.debug.xcconfig"; path = "Pods/Target Support Files/Pods-LeagueMobileChallenge/Pods-LeagueMobileChallenge.debug.xcconfig"; sourceTree = "<group>"; };
		7374E94328A82C8900B367FB /* HomeViewController.swift */ = {isa = PBXFileReference; lastKnownFileType = sourcecode.swift; path = HomeViewController.swift; sourceTree = "<group>"; };
		7374E94528A82CC200B367FB /* HomeViewModel.swift */ = {isa = PBXFileReference; lastKnownFileType = sourcecode.swift; path = HomeViewModel.swift; sourceTree = "<group>"; };
		7374E94728A82D0400B367FB /* HomeViewModelInterfaces.swift */ = {isa = PBXFileReference; lastKnownFileType = sourcecode.swift; path = HomeViewModelInterfaces.swift; sourceTree = "<group>"; };
		7374E94928A82ED100B367FB /* HomeModel.swift */ = {isa = PBXFileReference; lastKnownFileType = sourcecode.swift; path = HomeModel.swift; sourceTree = "<group>"; };
		7374E94B28A8307400B367FB /* Constants.swift */ = {isa = PBXFileReference; lastKnownFileType = sourcecode.swift; path = Constants.swift; sourceTree = "<group>"; };
		7374E94D28A832A800B367FB /* APIServiceUtils.swift */ = {isa = PBXFileReference; lastKnownFileType = sourcecode.swift; path = APIServiceUtils.swift; sourceTree = "<group>"; };
		7374E94F28A8366B00B367FB /* ServiceModel.swift */ = {isa = PBXFileReference; lastKnownFileType = sourcecode.swift; path = ServiceModel.swift; sourceTree = "<group>"; };
		7374E95528A99F9D00B367FB /* ContentCellSwiftUI.swift */ = {isa = PBXFileReference; fileEncoding = 4; lastKnownFileType = sourcecode.swift; path = ContentCellSwiftUI.swift; sourceTree = "<group>"; };
		7374E95628A99F9D00B367FB /* CustomViewCell.swift */ = {isa = PBXFileReference; fileEncoding = 4; lastKnownFileType = sourcecode.swift; path = CustomViewCell.swift; sourceTree = "<group>"; };
		7374E95928A9BFF500B367FB /* ErrorViewSwiftUI.swift */ = {isa = PBXFileReference; lastKnownFileType = sourcecode.swift; path = ErrorViewSwiftUI.swift; sourceTree = "<group>"; };
		7374E95B28AB210F00B367FB /* HomeViewModelSpec.swift */ = {isa = PBXFileReference; lastKnownFileType = sourcecode.swift; path = HomeViewModelSpec.swift; sourceTree = "<group>"; };
		7374E95D28AB24D800B367FB /* MockAPIService.swift */ = {isa = PBXFileReference; lastKnownFileType = sourcecode.swift; path = MockAPIService.swift; sourceTree = "<group>"; };
		7374E95F28AB46E300B367FB /* HomeViewControllerTests.swift */ = {isa = PBXFileReference; lastKnownFileType = sourcecode.swift; path = HomeViewControllerTests.swift; sourceTree = "<group>"; };
		9E973EA07DC680BB29B1002A /* Pods_LeagueMobileChallengeTests.framework */ = {isa = PBXFileReference; explicitFileType = wrapper.framework; includeInIndex = 0; path = Pods_LeagueMobileChallengeTests.framework; sourceTree = BUILT_PRODUCTS_DIR; };
		AE17B652112E8ACDBCA2682C /* Pods-LeagueMobileChallengeUITests.release.xcconfig */ = {isa = PBXFileReference; includeInIndex = 1; lastKnownFileType = text.xcconfig; name = "Pods-LeagueMobileChallengeUITests.release.xcconfig"; path = "Pods/Target Support Files/Pods-LeagueMobileChallengeUITests/Pods-LeagueMobileChallengeUITests.release.xcconfig"; sourceTree = "<group>"; };
		B5EC5EC130097654F1E0F3C6 /* Pods_LeagueMobileChallenge.framework */ = {isa = PBXFileReference; explicitFileType = wrapper.framework; includeInIndex = 0; path = Pods_LeagueMobileChallenge.framework; sourceTree = BUILT_PRODUCTS_DIR; };
		B6AC694B21E6578D0094A9B1 /* LeagueMobileChallenge.app */ = {isa = PBXFileReference; explicitFileType = wrapper.application; includeInIndex = 0; path = LeagueMobileChallenge.app; sourceTree = BUILT_PRODUCTS_DIR; };
		B6AC694E21E6578D0094A9B1 /* AppDelegate.swift */ = {isa = PBXFileReference; lastKnownFileType = sourcecode.swift; path = AppDelegate.swift; sourceTree = "<group>"; };
		B6AC695821E6578F0094A9B1 /* Assets.xcassets */ = {isa = PBXFileReference; lastKnownFileType = folder.assetcatalog; path = Assets.xcassets; sourceTree = "<group>"; };
		B6AC695B21E6578F0094A9B1 /* Base */ = {isa = PBXFileReference; lastKnownFileType = file.storyboard; name = Base; path = Base.lproj/LaunchScreen.storyboard; sourceTree = "<group>"; };
		B6AC695D21E6578F0094A9B1 /* Info.plist */ = {isa = PBXFileReference; lastKnownFileType = text.plist.xml; path = Info.plist; sourceTree = "<group>"; };
		B6AC696221E6578F0094A9B1 /* LeagueMobileChallengeTests.xctest */ = {isa = PBXFileReference; explicitFileType = wrapper.cfbundle; includeInIndex = 0; path = LeagueMobileChallengeTests.xctest; sourceTree = BUILT_PRODUCTS_DIR; };
		B6AC696821E6578F0094A9B1 /* Info.plist */ = {isa = PBXFileReference; lastKnownFileType = text.plist.xml; path = Info.plist; sourceTree = "<group>"; };
		B6AC69A121ECEC740094A9B1 /* APIController.swift */ = {isa = PBXFileReference; lastKnownFileType = sourcecode.swift; path = APIController.swift; sourceTree = "<group>"; };
		D938A729EC8AE9651EAE0B00 /* Pods-LeagueMobileChallenge.release.xcconfig */ = {isa = PBXFileReference; includeInIndex = 1; lastKnownFileType = text.xcconfig; name = "Pods-LeagueMobileChallenge.release.xcconfig"; path = "Pods/Target Support Files/Pods-LeagueMobileChallenge/Pods-LeagueMobileChallenge.release.xcconfig"; sourceTree = "<group>"; };
/* End PBXFileReference section */

/* Begin PBXFrameworksBuildPhase section */
		B6AC694821E6578D0094A9B1 /* Frameworks */ = {
			isa = PBXFrameworksBuildPhase;
			buildActionMask = 2147483647;
			files = (
				C711E601661AAB36D173F831 /* Pods_LeagueMobileChallenge.framework in Frameworks */,
			);
			runOnlyForDeploymentPostprocessing = 0;
		};
		B6AC695F21E6578F0094A9B1 /* Frameworks */ = {
			isa = PBXFrameworksBuildPhase;
			buildActionMask = 2147483647;
			files = (
				0A864FF656992546AD7C544F /* Pods_LeagueMobileChallengeTests.framework in Frameworks */,
			);
			runOnlyForDeploymentPostprocessing = 0;
		};
/* End PBXFrameworksBuildPhase section */

/* Begin PBXGroup section */
		281D10CF534B22485FB8D3D4 /* Pods */ = {
			isa = PBXGroup;
			children = (
				71E420C2560A70D44F192FFD /* Pods-LeagueMobileChallenge.debug.xcconfig */,
				D938A729EC8AE9651EAE0B00 /* Pods-LeagueMobileChallenge.release.xcconfig */,
				11B8BED4C0B2E47F947C8F53 /* Pods-LeagueMobileChallengeTests.debug.xcconfig */,
				07D03E3F1912927AD466BF81 /* Pods-LeagueMobileChallengeTests.release.xcconfig */,
				02F12A77B173DEFEAE495835 /* Pods-LeagueMobileChallengeUITests.debug.xcconfig */,
				AE17B652112E8ACDBCA2682C /* Pods-LeagueMobileChallengeUITests.release.xcconfig */,
			);
			name = Pods;
			sourceTree = "<group>";
		};
		40816A92C89E63A0A9F413CC /* Frameworks */ = {
			isa = PBXGroup;
			children = (
				B5EC5EC130097654F1E0F3C6 /* Pods_LeagueMobileChallenge.framework */,
				9E973EA07DC680BB29B1002A /* Pods_LeagueMobileChallengeTests.framework */,
				09417A2435F74B6BBD872D0B /* Pods_LeagueMobileChallengeUITests.framework */,
			);
			name = Frameworks;
			sourceTree = "<group>";
		};
		7374E93D28A82AAA00B367FB /* View */ = {
			isa = PBXGroup;
			children = (
				7374E94328A82C8900B367FB /* HomeViewController.swift */,
				7374E95528A99F9D00B367FB /* ContentCellSwiftUI.swift */,
				7374E95628A99F9D00B367FB /* CustomViewCell.swift */,
				7374E95928A9BFF500B367FB /* ErrorViewSwiftUI.swift */,
			);
			path = View;
			sourceTree = "<group>";
		};
		7374E93E28A82AB100B367FB /* ViewModel */ = {
			isa = PBXGroup;
			children = (
				7374E94528A82CC200B367FB /* HomeViewModel.swift */,
				7374E94728A82D0400B367FB /* HomeViewModelInterfaces.swift */,
			);
			path = ViewModel;
			sourceTree = "<group>";
		};
		7374E93F28A82AB900B367FB /* Model */ = {
			isa = PBXGroup;
			children = (
				7374E94928A82ED100B367FB /* HomeModel.swift */,
				7374E94F28A8366B00B367FB /* ServiceModel.swift */,
			);
			path = Model;
			sourceTree = "<group>";
		};
		7374E94028A82ABE00B367FB /* Supporting Files */ = {
			isa = PBXGroup;
			children = (
				7374E94B28A8307400B367FB /* Constants.swift */,
				B6AC695821E6578F0094A9B1 /* Assets.xcassets */,
				B6AC695A21E6578F0094A9B1 /* LaunchScreen.storyboard */,
				B6AC695D21E6578F0094A9B1 /* Info.plist */,
				B6AC694E21E6578D0094A9B1 /* AppDelegate.swift */,
			);
			path = "Supporting Files";
			sourceTree = "<group>";
		};
		7374E94128A82B3400B367FB /* Network */ = {
			isa = PBXGroup;
			children = (
				B6AC69A121ECEC740094A9B1 /* APIController.swift */,
				7374E94D28A832A800B367FB /* APIServiceUtils.swift */,
			);
			path = Network;
			sourceTree = "<group>";
		};
		B6AC694221E6578D0094A9B1 = {
			isa = PBXGroup;
			children = (
				B6AC694D21E6578D0094A9B1 /* LeagueMobileChallenge */,
				B6AC696521E6578F0094A9B1 /* LeagueMobileChallengeTests */,
				B6AC694C21E6578D0094A9B1 /* Products */,
				281D10CF534B22485FB8D3D4 /* Pods */,
				40816A92C89E63A0A9F413CC /* Frameworks */,
			);
			sourceTree = "<group>";
		};
		B6AC694C21E6578D0094A9B1 /* Products */ = {
			isa = PBXGroup;
			children = (
				B6AC694B21E6578D0094A9B1 /* LeagueMobileChallenge.app */,
				B6AC696221E6578F0094A9B1 /* LeagueMobileChallengeTests.xctest */,
			);
			name = Products;
			sourceTree = "<group>";
		};
		B6AC694D21E6578D0094A9B1 /* LeagueMobileChallenge */ = {
			isa = PBXGroup;
			children = (
				7374E93F28A82AB900B367FB /* Model */,
				7374E93E28A82AB100B367FB /* ViewModel */,
				7374E93D28A82AAA00B367FB /* View */,
				7374E94128A82B3400B367FB /* Network */,
				7374E94028A82ABE00B367FB /* Supporting Files */,
			);
			path = LeagueMobileChallenge;
			sourceTree = "<group>";
		};
		B6AC696521E6578F0094A9B1 /* LeagueMobileChallengeTests */ = {
			isa = PBXGroup;
			children = (
				7374E95B28AB210F00B367FB /* HomeViewModelSpec.swift */,
				7374E95D28AB24D800B367FB /* MockAPIService.swift */,
				7374E95F28AB46E300B367FB /* HomeViewControllerTests.swift */,
				B6AC696821E6578F0094A9B1 /* Info.plist */,
			);
			path = LeagueMobileChallengeTests;
			sourceTree = "<group>";
		};
/* End PBXGroup section */

/* Begin PBXNativeTarget section */
		B6AC694A21E6578D0094A9B1 /* LeagueMobileChallenge */ = {
			isa = PBXNativeTarget;
			buildConfigurationList = B6AC697621E6578F0094A9B1 /* Build configuration list for PBXNativeTarget "LeagueMobileChallenge" */;
			buildPhases = (
				CDC54F9CFAE4C582D5BF82CE /* [CP] Check Pods Manifest.lock */,
				B6AC694721E6578D0094A9B1 /* Sources */,
				B6AC694821E6578D0094A9B1 /* Frameworks */,
				B6AC694921E6578D0094A9B1 /* Resources */,
				F517B11D1366B1EAB8D39D70 /* [CP] Embed Pods Frameworks */,
			);
			buildRules = (
			);
			dependencies = (
			);
			name = LeagueMobileChallenge;
			productName = LeagueMobileChallenge;
			productReference = B6AC694B21E6578D0094A9B1 /* LeagueMobileChallenge.app */;
			productType = "com.apple.product-type.application";
		};
		B6AC696121E6578F0094A9B1 /* LeagueMobileChallengeTests */ = {
			isa = PBXNativeTarget;
			buildConfigurationList = B6AC697921E6578F0094A9B1 /* Build configuration list for PBXNativeTarget "LeagueMobileChallengeTests" */;
			buildPhases = (
				1107E6DDE85CEEBE5CB72C52 /* [CP] Check Pods Manifest.lock */,
				B6AC695E21E6578F0094A9B1 /* Sources */,
				B6AC695F21E6578F0094A9B1 /* Frameworks */,
				B6AC696021E6578F0094A9B1 /* Resources */,
				D9069831A51AB6DCF107AF6E /* [CP] Embed Pods Frameworks */,
			);
			buildRules = (
			);
			dependencies = (
				B6AC696421E6578F0094A9B1 /* PBXTargetDependency */,
			);
			name = LeagueMobileChallengeTests;
			productName = LeagueMobileChallengeTests;
			productReference = B6AC696221E6578F0094A9B1 /* LeagueMobileChallengeTests.xctest */;
			productType = "com.apple.product-type.bundle.unit-test";
		};
/* End PBXNativeTarget section */

/* Begin PBXProject section */
		B6AC694321E6578D0094A9B1 /* Project object */ = {
			isa = PBXProject;
			attributes = {
				LastSwiftUpdateCheck = 1010;
				LastUpgradeCheck = 1010;
				ORGANIZATIONNAME = "Kelvin Lau";
				TargetAttributes = {
					B6AC694A21E6578D0094A9B1 = {
						CreatedOnToolsVersion = 10.1;
					};
					B6AC696121E6578F0094A9B1 = {
						CreatedOnToolsVersion = 10.1;
						TestTargetID = B6AC694A21E6578D0094A9B1;
					};
				};
			};
			buildConfigurationList = B6AC694621E6578D0094A9B1 /* Build configuration list for PBXProject "LeagueMobileChallenge" */;
			compatibilityVersion = "Xcode 9.3";
			developmentRegion = en;
			hasScannedForEncodings = 0;
			knownRegions = (
				en,
				Base,
			);
			mainGroup = B6AC694221E6578D0094A9B1;
			productRefGroup = B6AC694C21E6578D0094A9B1 /* Products */;
			projectDirPath = "";
			projectRoot = "";
			targets = (
				B6AC694A21E6578D0094A9B1 /* LeagueMobileChallenge */,
				B6AC696121E6578F0094A9B1 /* LeagueMobileChallengeTests */,
			);
		};
/* End PBXProject section */

/* Begin PBXResourcesBuildPhase section */
		B6AC694921E6578D0094A9B1 /* Resources */ = {
			isa = PBXResourcesBuildPhase;
			buildActionMask = 2147483647;
			files = (
				B6AC695C21E6578F0094A9B1 /* LaunchScreen.storyboard in Resources */,
				B6AC695921E6578F0094A9B1 /* Assets.xcassets in Resources */,
			);
			runOnlyForDeploymentPostprocessing = 0;
		};
		B6AC696021E6578F0094A9B1 /* Resources */ = {
			isa = PBXResourcesBuildPhase;
			buildActionMask = 2147483647;
			files = (
			);
			runOnlyForDeploymentPostprocessing = 0;
		};
/* End PBXResourcesBuildPhase section */

/* Begin PBXShellScriptBuildPhase section */
		1107E6DDE85CEEBE5CB72C52 /* [CP] Check Pods Manifest.lock */ = {
			isa = PBXShellScriptBuildPhase;
			buildActionMask = 2147483647;
			files = (
			);
			inputFileListPaths = (
			);
			inputPaths = (
				"${PODS_PODFILE_DIR_PATH}/Podfile.lock",
				"${PODS_ROOT}/Manifest.lock",
			);
			name = "[CP] Check Pods Manifest.lock";
			outputFileListPaths = (
			);
			outputPaths = (
				"$(DERIVED_FILE_DIR)/Pods-LeagueMobileChallengeTests-checkManifestLockResult.txt",
			);
			runOnlyForDeploymentPostprocessing = 0;
			shellPath = /bin/sh;
			shellScript = "diff \"${PODS_PODFILE_DIR_PATH}/Podfile.lock\" \"${PODS_ROOT}/Manifest.lock\" > /dev/null\nif [ $? != 0 ] ; then\n    # print error to STDERR\n    echo \"error: The sandbox is not in sync with the Podfile.lock. Run 'pod install' or update your CocoaPods installation.\" >&2\n    exit 1\nfi\n# This output is used by Xcode 'outputs' to avoid re-running this script phase.\necho \"SUCCESS\" > \"${SCRIPT_OUTPUT_FILE_0}\"\n";
			showEnvVarsInLog = 0;
		};
		CDC54F9CFAE4C582D5BF82CE /* [CP] Check Pods Manifest.lock */ = {
			isa = PBXShellScriptBuildPhase;
			buildActionMask = 2147483647;
			files = (
			);
			inputFileListPaths = (
			);
			inputPaths = (
				"${PODS_PODFILE_DIR_PATH}/Podfile.lock",
				"${PODS_ROOT}/Manifest.lock",
			);
			name = "[CP] Check Pods Manifest.lock";
			outputFileListPaths = (
			);
			outputPaths = (
				"$(DERIVED_FILE_DIR)/Pods-LeagueMobileChallenge-checkManifestLockResult.txt",
			);
			runOnlyForDeploymentPostprocessing = 0;
			shellPath = /bin/sh;
			shellScript = "diff \"${PODS_PODFILE_DIR_PATH}/Podfile.lock\" \"${PODS_ROOT}/Manifest.lock\" > /dev/null\nif [ $? != 0 ] ; then\n    # print error to STDERR\n    echo \"error: The sandbox is not in sync with the Podfile.lock. Run 'pod install' or update your CocoaPods installation.\" >&2\n    exit 1\nfi\n# This output is used by Xcode 'outputs' to avoid re-running this script phase.\necho \"SUCCESS\" > \"${SCRIPT_OUTPUT_FILE_0}\"\n";
			showEnvVarsInLog = 0;
		};
		D9069831A51AB6DCF107AF6E /* [CP] Embed Pods Frameworks */ = {
			isa = PBXShellScriptBuildPhase;
			buildActionMask = 2147483647;
			files = (
			);
			inputFileListPaths = (
				"${PODS_ROOT}/Target Support Files/Pods-LeagueMobileChallengeTests/Pods-LeagueMobileChallengeTests-frameworks-${CONFIGURATION}-input-files.xcfilelist",
			);
			name = "[CP] Embed Pods Frameworks";
			outputFileListPaths = (
				"${PODS_ROOT}/Target Support Files/Pods-LeagueMobileChallengeTests/Pods-LeagueMobileChallengeTests-frameworks-${CONFIGURATION}-output-files.xcfilelist",
			);
			runOnlyForDeploymentPostprocessing = 0;
			shellPath = /bin/sh;
			shellScript = "\"${PODS_ROOT}/Target Support Files/Pods-LeagueMobileChallengeTests/Pods-LeagueMobileChallengeTests-frameworks.sh\"\n";
			showEnvVarsInLog = 0;
		};
		F517B11D1366B1EAB8D39D70 /* [CP] Embed Pods Frameworks */ = {
			isa = PBXShellScriptBuildPhase;
			buildActionMask = 2147483647;
			files = (
			);
			inputFileListPaths = (
				"${PODS_ROOT}/Target Support Files/Pods-LeagueMobileChallenge/Pods-LeagueMobileChallenge-frameworks-${CONFIGURATION}-input-files.xcfilelist",
			);
			name = "[CP] Embed Pods Frameworks";
			outputFileListPaths = (
				"${PODS_ROOT}/Target Support Files/Pods-LeagueMobileChallenge/Pods-LeagueMobileChallenge-frameworks-${CONFIGURATION}-output-files.xcfilelist",
			);
			runOnlyForDeploymentPostprocessing = 0;
			shellPath = /bin/sh;
			shellScript = "\"${PODS_ROOT}/Target Support Files/Pods-LeagueMobileChallenge/Pods-LeagueMobileChallenge-frameworks.sh\"\n";
			showEnvVarsInLog = 0;
		};
/* End PBXShellScriptBuildPhase section */

/* Begin PBXSourcesBuildPhase section */
		B6AC694721E6578D0094A9B1 /* Sources */ = {
			isa = PBXSourcesBuildPhase;
			buildActionMask = 2147483647;
			files = (
				B6AC69A221ECEC740094A9B1 /* APIController.swift in Sources */,
				7374E95A28A9BFF500B367FB /* ErrorViewSwiftUI.swift in Sources */,
				7374E95028A8366B00B367FB /* ServiceModel.swift in Sources */,
				B6AC694F21E6578D0094A9B1 /* AppDelegate.swift in Sources */,
				7374E95828A99F9D00B367FB /* CustomViewCell.swift in Sources */,
				7374E94A28A82ED100B367FB /* HomeModel.swift in Sources */,
				7374E94428A82C8900B367FB /* HomeViewController.swift in Sources */,
				7374E94E28A832A800B367FB /* APIServiceUtils.swift in Sources */,
				7374E94C28A8307400B367FB /* Constants.swift in Sources */,
				7374E95728A99F9D00B367FB /* ContentCellSwiftUI.swift in Sources */,
				7374E94628A82CC200B367FB /* HomeViewModel.swift in Sources */,
				7374E94828A82D0400B367FB /* HomeViewModelInterfaces.swift in Sources */,
			);
			runOnlyForDeploymentPostprocessing = 0;
		};
		B6AC695E21E6578F0094A9B1 /* Sources */ = {
			isa = PBXSourcesBuildPhase;
			buildActionMask = 2147483647;
			files = (
				7374E95E28AB24D800B367FB /* MockAPIService.swift in Sources */,
				7374E96028AB46E300B367FB /* HomeViewControllerTests.swift in Sources */,
				7374E95C28AB210F00B367FB /* HomeViewModelSpec.swift in Sources */,
			);
			runOnlyForDeploymentPostprocessing = 0;
		};
/* End PBXSourcesBuildPhase section */

/* Begin PBXTargetDependency section */
		B6AC696421E6578F0094A9B1 /* PBXTargetDependency */ = {
			isa = PBXTargetDependency;
			target = B6AC694A21E6578D0094A9B1 /* LeagueMobileChallenge */;
			targetProxy = B6AC696321E6578F0094A9B1 /* PBXContainerItemProxy */;
		};
/* End PBXTargetDependency section */

/* Begin PBXVariantGroup section */
		B6AC695A21E6578F0094A9B1 /* LaunchScreen.storyboard */ = {
			isa = PBXVariantGroup;
			children = (
				B6AC695B21E6578F0094A9B1 /* Base */,
			);
			name = LaunchScreen.storyboard;
			sourceTree = "<group>";
		};
/* End PBXVariantGroup section */

/* Begin XCBuildConfiguration section */
		B6AC697421E6578F0094A9B1 /* Debug */ = {
			isa = XCBuildConfiguration;
			buildSettings = {
				ALWAYS_SEARCH_USER_PATHS = NO;
				CLANG_ANALYZER_NONNULL = YES;
				CLANG_ANALYZER_NUMBER_OBJECT_CONVERSION = YES_AGGRESSIVE;
				CLANG_CXX_LANGUAGE_STANDARD = "gnu++14";
				CLANG_CXX_LIBRARY = "libc++";
				CLANG_ENABLE_MODULES = YES;
				CLANG_ENABLE_OBJC_ARC = YES;
				CLANG_ENABLE_OBJC_WEAK = YES;
				CLANG_WARN_BLOCK_CAPTURE_AUTORELEASING = YES;
				CLANG_WARN_BOOL_CONVERSION = YES;
				CLANG_WARN_COMMA = YES;
				CLANG_WARN_CONSTANT_CONVERSION = YES;
				CLANG_WARN_DEPRECATED_OBJC_IMPLEMENTATIONS = YES;
				CLANG_WARN_DIRECT_OBJC_ISA_USAGE = YES_ERROR;
				CLANG_WARN_DOCUMENTATION_COMMENTS = YES;
				CLANG_WARN_EMPTY_BODY = YES;
				CLANG_WARN_ENUM_CONVERSION = YES;
				CLANG_WARN_INFINITE_RECURSION = YES;
				CLANG_WARN_INT_CONVERSION = YES;
				CLANG_WARN_NON_LITERAL_NULL_CONVERSION = YES;
				CLANG_WARN_OBJC_IMPLICIT_RETAIN_SELF = YES;
				CLANG_WARN_OBJC_LITERAL_CONVERSION = YES;
				CLANG_WARN_OBJC_ROOT_CLASS = YES_ERROR;
				CLANG_WARN_RANGE_LOOP_ANALYSIS = YES;
				CLANG_WARN_STRICT_PROTOTYPES = YES;
				CLANG_WARN_SUSPICIOUS_MOVE = YES;
				CLANG_WARN_UNGUARDED_AVAILABILITY = YES_AGGRESSIVE;
				CLANG_WARN_UNREACHABLE_CODE = YES;
				CLANG_WARN__DUPLICATE_METHOD_MATCH = YES;
				CODE_SIGN_IDENTITY = "iPhone Developer";
				COPY_PHASE_STRIP = NO;
				DEBUG_INFORMATION_FORMAT = dwarf;
				ENABLE_STRICT_OBJC_MSGSEND = YES;
				ENABLE_TESTABILITY = YES;
				GCC_C_LANGUAGE_STANDARD = gnu11;
				GCC_DYNAMIC_NO_PIC = NO;
				GCC_NO_COMMON_BLOCKS = YES;
				GCC_OPTIMIZATION_LEVEL = 0;
				GCC_PREPROCESSOR_DEFINITIONS = (
					"DEBUG=1",
					"$(inherited)",
				);
				GCC_WARN_64_TO_32_BIT_CONVERSION = YES;
				GCC_WARN_ABOUT_RETURN_TYPE = YES_ERROR;
				GCC_WARN_UNDECLARED_SELECTOR = YES;
				GCC_WARN_UNINITIALIZED_AUTOS = YES_AGGRESSIVE;
				GCC_WARN_UNUSED_FUNCTION = YES;
				GCC_WARN_UNUSED_VARIABLE = YES;
				IPHONEOS_DEPLOYMENT_TARGET = 13.0;
				MTL_ENABLE_DEBUG_INFO = INCLUDE_SOURCE;
				MTL_FAST_MATH = YES;
				ONLY_ACTIVE_ARCH = YES;
				SDKROOT = iphoneos;
				SWIFT_ACTIVE_COMPILATION_CONDITIONS = DEBUG;
				SWIFT_OPTIMIZATION_LEVEL = "-Onone";
				SWIFT_VERSION = 5.0;
			};
			name = Debug;
		};
		B6AC697521E6578F0094A9B1 /* Release */ = {
			isa = XCBuildConfiguration;
			buildSettings = {
				ALWAYS_SEARCH_USER_PATHS = NO;
				CLANG_ANALYZER_NONNULL = YES;
				CLANG_ANALYZER_NUMBER_OBJECT_CONVERSION = YES_AGGRESSIVE;
				CLANG_CXX_LANGUAGE_STANDARD = "gnu++14";
				CLANG_CXX_LIBRARY = "libc++";
				CLANG_ENABLE_MODULES = YES;
				CLANG_ENABLE_OBJC_ARC = YES;
				CLANG_ENABLE_OBJC_WEAK = YES;
				CLANG_WARN_BLOCK_CAPTURE_AUTORELEASING = YES;
				CLANG_WARN_BOOL_CONVERSION = YES;
				CLANG_WARN_COMMA = YES;
				CLANG_WARN_CONSTANT_CONVERSION = YES;
				CLANG_WARN_DEPRECATED_OBJC_IMPLEMENTATIONS = YES;
				CLANG_WARN_DIRECT_OBJC_ISA_USAGE = YES_ERROR;
				CLANG_WARN_DOCUMENTATION_COMMENTS = YES;
				CLANG_WARN_EMPTY_BODY = YES;
				CLANG_WARN_ENUM_CONVERSION = YES;
				CLANG_WARN_INFINITE_RECURSION = YES;
				CLANG_WARN_INT_CONVERSION = YES;
				CLANG_WARN_NON_LITERAL_NULL_CONVERSION = YES;
				CLANG_WARN_OBJC_IMPLICIT_RETAIN_SELF = YES;
				CLANG_WARN_OBJC_LITERAL_CONVERSION = YES;
				CLANG_WARN_OBJC_ROOT_CLASS = YES_ERROR;
				CLANG_WARN_RANGE_LOOP_ANALYSIS = YES;
				CLANG_WARN_STRICT_PROTOTYPES = YES;
				CLANG_WARN_SUSPICIOUS_MOVE = YES;
				CLANG_WARN_UNGUARDED_AVAILABILITY = YES_AGGRESSIVE;
				CLANG_WARN_UNREACHABLE_CODE = YES;
				CLANG_WARN__DUPLICATE_METHOD_MATCH = YES;
				CODE_SIGN_IDENTITY = "iPhone Developer";
				COPY_PHASE_STRIP = NO;
				DEBUG_INFORMATION_FORMAT = "dwarf-with-dsym";
				ENABLE_NS_ASSERTIONS = NO;
				ENABLE_STRICT_OBJC_MSGSEND = YES;
				GCC_C_LANGUAGE_STANDARD = gnu11;
				GCC_NO_COMMON_BLOCKS = YES;
				GCC_WARN_64_TO_32_BIT_CONVERSION = YES;
				GCC_WARN_ABOUT_RETURN_TYPE = YES_ERROR;
				GCC_WARN_UNDECLARED_SELECTOR = YES;
				GCC_WARN_UNINITIALIZED_AUTOS = YES_AGGRESSIVE;
				GCC_WARN_UNUSED_FUNCTION = YES;
				GCC_WARN_UNUSED_VARIABLE = YES;
				IPHONEOS_DEPLOYMENT_TARGET = 13.0;
				MTL_ENABLE_DEBUG_INFO = NO;
				MTL_FAST_MATH = YES;
				SDKROOT = iphoneos;
				SWIFT_COMPILATION_MODE = wholemodule;
				SWIFT_OPTIMIZATION_LEVEL = "-O";
				SWIFT_VERSION = 5.0;
				VALIDATE_PRODUCT = YES;
			};
			name = Release;
		};
		B6AC697721E6578F0094A9B1 /* Debug */ = {
			isa = XCBuildConfiguration;
			baseConfigurationReference = 71E420C2560A70D44F192FFD /* Pods-LeagueMobileChallenge.debug.xcconfig */;
			buildSettings = {
				ASSETCATALOG_COMPILER_APPICON_NAME = AppIcon;
				CODE_SIGN_STYLE = Automatic;
				DEVELOPMENT_TEAM = RHN4E42P4E;
				INFOPLIST_FILE = "LeagueMobileChallenge/Supporting Files/Info.plist";
				IPHONEOS_DEPLOYMENT_TARGET = 13.0;
				LD_RUNPATH_SEARCH_PATHS = (
					"$(inherited)",
					"@executable_path/Frameworks",
				);
				PRODUCT_BUNDLE_IDENTIFIER = com.league.mobileChallenge.LeagueMobileChallenge;
				PRODUCT_NAME = "$(TARGET_NAME)";
				SWIFT_VERSION = 5.0;
				TARGETED_DEVICE_FAMILY = "1,2";
			};
			name = Debug;
		};
		B6AC697821E6578F0094A9B1 /* Release */ = {
			isa = XCBuildConfiguration;
			baseConfigurationReference = D938A729EC8AE9651EAE0B00 /* Pods-LeagueMobileChallenge.release.xcconfig */;
			buildSettings = {
				ASSETCATALOG_COMPILER_APPICON_NAME = AppIcon;
				CODE_SIGN_STYLE = Automatic;
				DEVELOPMENT_TEAM = RHN4E42P4E;
				INFOPLIST_FILE = "LeagueMobileChallenge/Supporting Files/Info.plist";
				IPHONEOS_DEPLOYMENT_TARGET = 13.0;
				LD_RUNPATH_SEARCH_PATHS = (
					"$(inherited)",
					"@executable_path/Frameworks",
				);
				PRODUCT_BUNDLE_IDENTIFIER = com.league.mobileChallenge.LeagueMobileChallenge;
				PRODUCT_NAME = "$(TARGET_NAME)";
				SWIFT_VERSION = 5.0;
				TARGETED_DEVICE_FAMILY = "1,2";
			};
			name = Release;
		};
		B6AC697A21E6578F0094A9B1 /* Debug */ = {
			isa = XCBuildConfiguration;
			baseConfigurationReference = 11B8BED4C0B2E47F947C8F53 /* Pods-LeagueMobileChallengeTests.debug.xcconfig */;
			buildSettings = {
				ALWAYS_EMBED_SWIFT_STANDARD_LIBRARIES = YES;
				BUNDLE_LOADER = "$(TEST_HOST)";
				CODE_SIGN_STYLE = Automatic;
				DEVELOPMENT_TEAM = RHN4E42P4E;
				INFOPLIST_FILE = LeagueMobileChallengeTests/Info.plist;
				LD_RUNPATH_SEARCH_PATHS = (
					"$(inherited)",
					"@executable_path/Frameworks",
					"@loader_path/Frameworks",
				);
				PRODUCT_BUNDLE_IDENTIFIER = com.league.mobileChallenge.LeagueMobileChallengeTests;
				PRODUCT_NAME = "$(TARGET_NAME)";
				SWIFT_VERSION = 4.2;
				TARGETED_DEVICE_FAMILY = "1,2";
				TEST_HOST = "$(BUILT_PRODUCTS_DIR)/LeagueMobileChallenge.app/LeagueMobileChallenge";
			};
			name = Debug;
		};
		B6AC697B21E6578F0094A9B1 /* Release */ = {
			isa = XCBuildConfiguration;
			baseConfigurationReference = 07D03E3F1912927AD466BF81 /* Pods-LeagueMobileChallengeTests.release.xcconfig */;
			buildSettings = {
				ALWAYS_EMBED_SWIFT_STANDARD_LIBRARIES = YES;
				BUNDLE_LOADER = "$(TEST_HOST)";
				CODE_SIGN_STYLE = Automatic;
				DEVELOPMENT_TEAM = RHN4E42P4E;
				INFOPLIST_FILE = LeagueMobileChallengeTests/Info.plist;
				LD_RUNPATH_SEARCH_PATHS = (
					"$(inherited)",
					"@executable_path/Frameworks",
					"@loader_path/Frameworks",
				);
				PRODUCT_BUNDLE_IDENTIFIER = com.league.mobileChallenge.LeagueMobileChallengeTests;
				PRODUCT_NAME = "$(TARGET_NAME)";
				SWIFT_VERSION = 4.2;
				TARGETED_DEVICE_FAMILY = "1,2";
				TEST_HOST = "$(BUILT_PRODUCTS_DIR)/LeagueMobileChallenge.app/LeagueMobileChallenge";
			};
			name = Release;
		};
/* End XCBuildConfiguration section */

/* Begin XCConfigurationList section */
		B6AC694621E6578D0094A9B1 /* Build configuration list for PBXProject "LeagueMobileChallenge" */ = {
			isa = XCConfigurationList;
			buildConfigurations = (
				B6AC697421E6578F0094A9B1 /* Debug */,
				B6AC697521E6578F0094A9B1 /* Release */,
			);
			defaultConfigurationIsVisible = 0;
			defaultConfigurationName = Release;
		};
		B6AC697621E6578F0094A9B1 /* Build configuration list for PBXNativeTarget "LeagueMobileChallenge" */ = {
			isa = XCConfigurationList;
			buildConfigurations = (
				B6AC697721E6578F0094A9B1 /* Debug */,
				B6AC697821E6578F0094A9B1 /* Release */,
			);
			defaultConfigurationIsVisible = 0;
			defaultConfigurationName = Release;
		};
		B6AC697921E6578F0094A9B1 /* Build configuration list for PBXNativeTarget "LeagueMobileChallengeTests" */ = {
			isa = XCConfigurationList;
			buildConfigurations = (
				B6AC697A21E6578F0094A9B1 /* Debug */,
				B6AC697B21E6578F0094A9B1 /* Release */,
			);
			defaultConfigurationIsVisible = 0;
			defaultConfigurationName = Release;
		};
/* End XCConfigurationList section */
	};
	rootObject = B6AC694321E6578D0094A9B1 /* Project object */;
}
